// !$*UTF8*$!
{
	archiveVersion = 1;
	classes = {
	};
	objectVersion = 46;
	objects = {

/* Begin PBXBuildFile section */
		04ACE6481A63771C00E0BBB5 /* main.m in Sources */ = {isa = PBXBuildFile; fileRef = 04ACE6471A63771C00E0BBB5 /* main.m */; };
		04ACE64B1A63771C00E0BBB5 /* AppDelegate.m in Sources */ = {isa = PBXBuildFile; fileRef = 04ACE64A1A63771C00E0BBB5 /* AppDelegate.m */; };
		04ACE64E1A63771C00E0BBB5 /* ViewController.m in Sources */ = {isa = PBXBuildFile; fileRef = 04ACE64D1A63771C00E0BBB5 /* ViewController.m */; };
		04ACE6511A63771C00E0BBB5 /* Main.storyboard in Resources */ = {isa = PBXBuildFile; fileRef = 04ACE64F1A63771C00E0BBB5 /* Main.storyboard */; };
		04ACE6531A63771C00E0BBB5 /* Images.xcassets in Resources */ = {isa = PBXBuildFile; fileRef = 04ACE6521A63771C00E0BBB5 /* Images.xcassets */; };
		04ACE6561A63771C00E0BBB5 /* LaunchScreen.xib in Resources */ = {isa = PBXBuildFile; fileRef = 04ACE6541A63771C00E0BBB5 /* LaunchScreen.xib */; };
		04ACE6621A63771C00E0BBB5 /* CleanMGHTests.m in Sources */ = {isa = PBXBuildFile; fileRef = 04ACE6611A63771C00E0BBB5 /* CleanMGHTests.m */; };
		04ACE6851A63781300E0BBB5 /* libEstimoteSDK.a in Frameworks */ = {isa = PBXBuildFile; fileRef = 04ACE6841A63781300E0BBB5 /* libEstimoteSDK.a */; };
		04ACE6871A6378AA00E0BBB5 /* CoreBluetooth.framework in Frameworks */ = {isa = PBXBuildFile; fileRef = 04ACE6861A6378AA00E0BBB5 /* CoreBluetooth.framework */; };
		04ACE6891A6378B200E0BBB5 /* CoreLocation.framework in Frameworks */ = {isa = PBXBuildFile; fileRef = 04ACE6881A6378B200E0BBB5 /* CoreLocation.framework */; };
		04ACE68B1A6378BB00E0BBB5 /* SystemConfiguration.framework in Frameworks */ = {isa = PBXBuildFile; fileRef = 04ACE68A1A6378BB00E0BBB5 /* SystemConfiguration.framework */; };
/* End PBXBuildFile section */

/* Begin PBXContainerItemProxy section */
		04ACE65C1A63771C00E0BBB5 /* PBXContainerItemProxy */ = {
			isa = PBXContainerItemProxy;
			containerPortal = 04ACE63A1A63771C00E0BBB5 /* Project object */;
			proxyType = 1;
			remoteGlobalIDString = 04ACE6411A63771C00E0BBB5;
			remoteInfo = CleanMGH;
		};
/* End PBXContainerItemProxy section */

/* Begin PBXFileReference section */
		04ACE6421A63771C00E0BBB5 /* CleanMGH.app */ = {isa = PBXFileReference; explicitFileType = wrapper.application; includeInIndex = 0; path = CleanMGH.app; sourceTree = BUILT_PRODUCTS_DIR; };
		04ACE6461A63771C00E0BBB5 /* Info.plist */ = {isa = PBXFileReference; lastKnownFileType = text.plist.xml; path = Info.plist; sourceTree = "<group>"; };
		04ACE6471A63771C00E0BBB5 /* main.m */ = {isa = PBXFileReference; lastKnownFileType = sourcecode.c.objc; path = main.m; sourceTree = "<group>"; };
		04ACE6491A63771C00E0BBB5 /* AppDelegate.h */ = {isa = PBXFileReference; lastKnownFileType = sourcecode.c.h; path = AppDelegate.h; sourceTree = "<group>"; };
		04ACE64A1A63771C00E0BBB5 /* AppDelegate.m */ = {isa = PBXFileReference; lastKnownFileType = sourcecode.c.objc; path = AppDelegate.m; sourceTree = "<group>"; };
		04ACE64C1A63771C00E0BBB5 /* ViewController.h */ = {isa = PBXFileReference; lastKnownFileType = sourcecode.c.h; path = ViewController.h; sourceTree = "<group>"; };
		04ACE64D1A63771C00E0BBB5 /* ViewController.m */ = {isa = PBXFileReference; lastKnownFileType = sourcecode.c.objc; path = ViewController.m; sourceTree = "<group>"; };
		04ACE6501A63771C00E0BBB5 /* Base */ = {isa = PBXFileReference; lastKnownFileType = file.storyboard; name = Base; path = Base.lproj/Main.storyboard; sourceTree = "<group>"; };
		04ACE6521A63771C00E0BBB5 /* Images.xcassets */ = {isa = PBXFileReference; lastKnownFileType = folder.assetcatalog; path = Images.xcassets; sourceTree = "<group>"; };
		04ACE6551A63771C00E0BBB5 /* Base */ = {isa = PBXFileReference; lastKnownFileType = file.xib; name = Base; path = Base.lproj/LaunchScreen.xib; sourceTree = "<group>"; };
		04ACE65B1A63771C00E0BBB5 /* CleanMGHTests.xctest */ = {isa = PBXFileReference; explicitFileType = wrapper.cfbundle; includeInIndex = 0; path = CleanMGHTests.xctest; sourceTree = BUILT_PRODUCTS_DIR; };
		04ACE6601A63771C00E0BBB5 /* Info.plist */ = {isa = PBXFileReference; lastKnownFileType = text.plist.xml; path = Info.plist; sourceTree = "<group>"; };
		04ACE6611A63771C00E0BBB5 /* CleanMGHTests.m */ = {isa = PBXFileReference; lastKnownFileType = sourcecode.c.objc; path = CleanMGHTests.m; sourceTree = "<group>"; };
		04ACE66D1A63781300E0BBB5 /* ESTBeacon.h */ = {isa = PBXFileReference; fileEncoding = 4; lastKnownFileType = sourcecode.c.h; path = ESTBeacon.h; sourceTree = "<group>"; };
		04ACE66E1A63781300E0BBB5 /* ESTBeaconDefinitions.h */ = {isa = PBXFileReference; fileEncoding = 4; lastKnownFileType = sourcecode.c.h; path = ESTBeaconDefinitions.h; sourceTree = "<group>"; };
		04ACE66F1A63781300E0BBB5 /* ESTBeaconFirmwareVO.h */ = {isa = PBXFileReference; fileEncoding = 4; lastKnownFileType = sourcecode.c.h; path = ESTBeaconFirmwareVO.h; sourceTree = "<group>"; };
		04ACE6701A63781300E0BBB5 /* ESTBeaconManager.h */ = {isa = PBXFileReference; fileEncoding = 4; lastKnownFileType = sourcecode.c.h; path = ESTBeaconManager.h; sourceTree = "<group>"; };
		04ACE6711A63781300E0BBB5 /* ESTBeaconRegion.h */ = {isa = PBXFileReference; fileEncoding = 4; lastKnownFileType = sourcecode.c.h; path = ESTBeaconRegion.h; sourceTree = "<group>"; };
		04ACE6721A63781300E0BBB5 /* ESTBeaconUpdateConfig.h */ = {isa = PBXFileReference; fileEncoding = 4; lastKnownFileType = sourcecode.c.h; path = ESTBeaconUpdateConfig.h; sourceTree = "<group>"; };
		04ACE6731A63781300E0BBB5 /* ESTBeaconUpdateInfo.h */ = {isa = PBXFileReference; fileEncoding = 4; lastKnownFileType = sourcecode.c.h; path = ESTBeaconUpdateInfo.h; sourceTree = "<group>"; };
		04ACE6741A63781300E0BBB5 /* ESTBeaconVO.h */ = {isa = PBXFileReference; fileEncoding = 4; lastKnownFileType = sourcecode.c.h; path = ESTBeaconVO.h; sourceTree = "<group>"; };
		04ACE6751A63781300E0BBB5 /* ESTBulkUpdater.h */ = {isa = PBXFileReference; fileEncoding = 4; lastKnownFileType = sourcecode.c.h; path = ESTBulkUpdater.h; sourceTree = "<group>"; };
		04ACE6761A63781300E0BBB5 /* ESTConfig.h */ = {isa = PBXFileReference; fileEncoding = 4; lastKnownFileType = sourcecode.c.h; path = ESTConfig.h; sourceTree = "<group>"; };
		04ACE6771A63781300E0BBB5 /* ESTDateRule.h */ = {isa = PBXFileReference; fileEncoding = 4; lastKnownFileType = sourcecode.c.h; path = ESTDateRule.h; sourceTree = "<group>"; };
		04ACE6781A63781300E0BBB5 /* ESTDefinitions.h */ = {isa = PBXFileReference; fileEncoding = 4; lastKnownFileType = sourcecode.c.h; path = ESTDefinitions.h; sourceTree = "<group>"; };
		04ACE6791A63781300E0BBB5 /* ESTFirmwareInfoVO.h */ = {isa = PBXFileReference; fileEncoding = 4; lastKnownFileType = sourcecode.c.h; path = ESTFirmwareInfoVO.h; sourceTree = "<group>"; };
		04ACE67A1A63781300E0BBB5 /* ESTMotionRule.h */ = {isa = PBXFileReference; fileEncoding = 4; lastKnownFileType = sourcecode.c.h; path = ESTMotionRule.h; sourceTree = "<group>"; };
		04ACE67B1A63781300E0BBB5 /* ESTNearable.h */ = {isa = PBXFileReference; fileEncoding = 4; lastKnownFileType = sourcecode.c.h; path = ESTNearable.h; sourceTree = "<group>"; };
		04ACE67C1A63781300E0BBB5 /* ESTNearableManager.h */ = {isa = PBXFileReference; fileEncoding = 4; lastKnownFileType = sourcecode.c.h; path = ESTNearableManager.h; sourceTree = "<group>"; };
		04ACE67D1A63781300E0BBB5 /* ESTNearableRule.h */ = {isa = PBXFileReference; fileEncoding = 4; lastKnownFileType = sourcecode.c.h; path = ESTNearableRule.h; sourceTree = "<group>"; };
		04ACE67E1A63781300E0BBB5 /* ESTOrientationRule.h */ = {isa = PBXFileReference; fileEncoding = 4; lastKnownFileType = sourcecode.c.h; path = ESTOrientationRule.h; sourceTree = "<group>"; };
		04ACE67F1A63781300E0BBB5 /* ESTProximityRule.h */ = {isa = PBXFileReference; fileEncoding = 4; lastKnownFileType = sourcecode.c.h; path = ESTProximityRule.h; sourceTree = "<group>"; };
		04ACE6801A63781300E0BBB5 /* ESTRule.h */ = {isa = PBXFileReference; fileEncoding = 4; lastKnownFileType = sourcecode.c.h; path = ESTRule.h; sourceTree = "<group>"; };
		04ACE6811A63781300E0BBB5 /* ESTTemperatureRule.h */ = {isa = PBXFileReference; fileEncoding = 4; lastKnownFileType = sourcecode.c.h; path = ESTTemperatureRule.h; sourceTree = "<group>"; };
		04ACE6821A63781300E0BBB5 /* ESTTrigger.h */ = {isa = PBXFileReference; fileEncoding = 4; lastKnownFileType = sourcecode.c.h; path = ESTTrigger.h; sourceTree = "<group>"; };
		04ACE6831A63781300E0BBB5 /* ESTTriggerManager.h */ = {isa = PBXFileReference; fileEncoding = 4; lastKnownFileType = sourcecode.c.h; path = ESTTriggerManager.h; sourceTree = "<group>"; };
		04ACE6841A63781300E0BBB5 /* libEstimoteSDK.a */ = {isa = PBXFileReference; lastKnownFileType = archive.ar; path = libEstimoteSDK.a; sourceTree = "<group>"; };
		04ACE6861A6378AA00E0BBB5 /* CoreBluetooth.framework */ = {isa = PBXFileReference; lastKnownFileType = wrapper.framework; name = CoreBluetooth.framework; path = System/Library/Frameworks/CoreBluetooth.framework; sourceTree = SDKROOT; };
		04ACE6881A6378B200E0BBB5 /* CoreLocation.framework */ = {isa = PBXFileReference; lastKnownFileType = wrapper.framework; name = CoreLocation.framework; path = System/Library/Frameworks/CoreLocation.framework; sourceTree = SDKROOT; };
		04ACE68A1A6378BB00E0BBB5 /* SystemConfiguration.framework */ = {isa = PBXFileReference; lastKnownFileType = wrapper.framework; name = SystemConfiguration.framework; path = System/Library/Frameworks/SystemConfiguration.framework; sourceTree = SDKROOT; };
/* End PBXFileReference section */

/* Begin PBXFrameworksBuildPhase section */
		04ACE63F1A63771C00E0BBB5 /* Frameworks */ = {
			isa = PBXFrameworksBuildPhase;
			buildActionMask = 2147483647;
			files = (
				04ACE68B1A6378BB00E0BBB5 /* SystemConfiguration.framework in Frameworks */,
				04ACE6891A6378B200E0BBB5 /* CoreLocation.framework in Frameworks */,
				04ACE6871A6378AA00E0BBB5 /* CoreBluetooth.framework in Frameworks */,
				04ACE6851A63781300E0BBB5 /* libEstimoteSDK.a in Frameworks */,
			);
			runOnlyForDeploymentPostprocessing = 0;
		};
		04ACE6581A63771C00E0BBB5 /* Frameworks */ = {
			isa = PBXFrameworksBuildPhase;
			buildActionMask = 2147483647;
			files = (
			);
			runOnlyForDeploymentPostprocessing = 0;
		};
/* End PBXFrameworksBuildPhase section */

/* Begin PBXGroup section */
		04ACE6391A63771C00E0BBB5 = {
			isa = PBXGroup;
			children = (
				04ACE6441A63771C00E0BBB5 /* CleanMGH */,
				04ACE66B1A63781300E0BBB5 /* EstimoteSDK */,
				04ACE68C1A6378CE00E0BBB5 /* Frameworks */,
				04ACE65E1A63771C00E0BBB5 /* CleanMGHTests */,
				04ACE6431A63771C00E0BBB5 /* Products */,
			);
			sourceTree = "<group>";
		};
		04ACE6431A63771C00E0BBB5 /* Products */ = {
			isa = PBXGroup;
			children = (
				04ACE6421A63771C00E0BBB5 /* CleanMGH.app */,
				04ACE65B1A63771C00E0BBB5 /* CleanMGHTests.xctest */,
			);
			name = Products;
			sourceTree = "<group>";
		};
		04ACE6441A63771C00E0BBB5 /* CleanMGH */ = {
			isa = PBXGroup;
			children = (
				04ACE6491A63771C00E0BBB5 /* AppDelegate.h */,
				04ACE64A1A63771C00E0BBB5 /* AppDelegate.m */,
				04ACE64C1A63771C00E0BBB5 /* ViewController.h */,
				04ACE64D1A63771C00E0BBB5 /* ViewController.m */,
				04ACE64F1A63771C00E0BBB5 /* Main.storyboard */,
				04ACE6521A63771C00E0BBB5 /* Images.xcassets */,
				04ACE6541A63771C00E0BBB5 /* LaunchScreen.xib */,
				04ACE6451A63771C00E0BBB5 /* Supporting Files */,
			);
			path = CleanMGH;
			sourceTree = "<group>";
		};
		04ACE6451A63771C00E0BBB5 /* Supporting Files */ = {
			isa = PBXGroup;
			children = (
				04ACE6461A63771C00E0BBB5 /* Info.plist */,
				04ACE6471A63771C00E0BBB5 /* main.m */,
			);
			name = "Supporting Files";
			sourceTree = "<group>";
		};
		04ACE65E1A63771C00E0BBB5 /* CleanMGHTests */ = {
			isa = PBXGroup;
			children = (
				04ACE6611A63771C00E0BBB5 /* CleanMGHTests.m */,
				04ACE65F1A63771C00E0BBB5 /* Supporting Files */,
			);
			path = CleanMGHTests;
			sourceTree = "<group>";
		};
		04ACE65F1A63771C00E0BBB5 /* Supporting Files */ = {
			isa = PBXGroup;
			children = (
				04ACE6601A63771C00E0BBB5 /* Info.plist */,
			);
			name = "Supporting Files";
			sourceTree = "<group>";
		};
		04ACE66B1A63781300E0BBB5 /* EstimoteSDK */ = {
			isa = PBXGroup;
			children = (
				04ACE66C1A63781300E0BBB5 /* Headers */,
				04ACE6841A63781300E0BBB5 /* libEstimoteSDK.a */,
			);
			path = EstimoteSDK;
			sourceTree = "<group>";
		};
		04ACE66C1A63781300E0BBB5 /* Headers */ = {
			isa = PBXGroup;
			children = (
				04ACE66D1A63781300E0BBB5 /* ESTBeacon.h */,
				04ACE66E1A63781300E0BBB5 /* ESTBeaconDefinitions.h */,
				04ACE66F1A63781300E0BBB5 /* ESTBeaconFirmwareVO.h */,
				04ACE6701A63781300E0BBB5 /* ESTBeaconManager.h */,
				04ACE6711A63781300E0BBB5 /* ESTBeaconRegion.h */,
				04ACE6721A63781300E0BBB5 /* ESTBeaconUpdateConfig.h */,
				04ACE6731A63781300E0BBB5 /* ESTBeaconUpdateInfo.h */,
				04ACE6741A63781300E0BBB5 /* ESTBeaconVO.h */,
				04ACE6751A63781300E0BBB5 /* ESTBulkUpdater.h */,
				04ACE6761A63781300E0BBB5 /* ESTConfig.h */,
				04ACE6771A63781300E0BBB5 /* ESTDateRule.h */,
				04ACE6781A63781300E0BBB5 /* ESTDefinitions.h */,
				04ACE6791A63781300E0BBB5 /* ESTFirmwareInfoVO.h */,
				04ACE67A1A63781300E0BBB5 /* ESTMotionRule.h */,
				04ACE67B1A63781300E0BBB5 /* ESTNearable.h */,
				04ACE67C1A63781300E0BBB5 /* ESTNearableManager.h */,
				04ACE67D1A63781300E0BBB5 /* ESTNearableRule.h */,
				04ACE67E1A63781300E0BBB5 /* ESTOrientationRule.h */,
				04ACE67F1A63781300E0BBB5 /* ESTProximityRule.h */,
				04ACE6801A63781300E0BBB5 /* ESTRule.h */,
				04ACE6811A63781300E0BBB5 /* ESTTemperatureRule.h */,
				04ACE6821A63781300E0BBB5 /* ESTTrigger.h */,
				04ACE6831A63781300E0BBB5 /* ESTTriggerManager.h */,
			);
			path = Headers;
			sourceTree = "<group>";
		};
		04ACE68C1A6378CE00E0BBB5 /* Frameworks */ = {
			isa = PBXGroup;
			children = (
				04ACE68A1A6378BB00E0BBB5 /* SystemConfiguration.framework */,
				04ACE6881A6378B200E0BBB5 /* CoreLocation.framework */,
				04ACE6861A6378AA00E0BBB5 /* CoreBluetooth.framework */,
			);
			name = Frameworks;
			sourceTree = "<group>";
		};
/* End PBXGroup section */

/* Begin PBXNativeTarget section */
		04ACE6411A63771C00E0BBB5 /* CleanMGH */ = {
			isa = PBXNativeTarget;
			buildConfigurationList = 04ACE6651A63771C00E0BBB5 /* Build configuration list for PBXNativeTarget "CleanMGH" */;
			buildPhases = (
				04ACE63E1A63771C00E0BBB5 /* Sources */,
				04ACE63F1A63771C00E0BBB5 /* Frameworks */,
				04ACE6401A63771C00E0BBB5 /* Resources */,
			);
			buildRules = (
			);
			dependencies = (
			);
			name = CleanMGH;
			productName = CleanMGH;
			productReference = 04ACE6421A63771C00E0BBB5 /* CleanMGH.app */;
			productType = "com.apple.product-type.application";
		};
		04ACE65A1A63771C00E0BBB5 /* CleanMGHTests */ = {
			isa = PBXNativeTarget;
			buildConfigurationList = 04ACE6681A63771C00E0BBB5 /* Build configuration list for PBXNativeTarget "CleanMGHTests" */;
			buildPhases = (
				04ACE6571A63771C00E0BBB5 /* Sources */,
				04ACE6581A63771C00E0BBB5 /* Frameworks */,
				04ACE6591A63771C00E0BBB5 /* Resources */,
			);
			buildRules = (
			);
			dependencies = (
				04ACE65D1A63771C00E0BBB5 /* PBXTargetDependency */,
			);
			name = CleanMGHTests;
			productName = CleanMGHTests;
			productReference = 04ACE65B1A63771C00E0BBB5 /* CleanMGHTests.xctest */;
			productType = "com.apple.product-type.bundle.unit-test";
		};
/* End PBXNativeTarget section */

/* Begin PBXProject section */
		04ACE63A1A63771C00E0BBB5 /* Project object */ = {
			isa = PBXProject;
			attributes = {
				LastUpgradeCheck = 0610;
				ORGANIZATIONNAME = MEB;
				TargetAttributes = {
					04ACE6411A63771C00E0BBB5 = {
						CreatedOnToolsVersion = 6.1.1;
						DevelopmentTeam = 3GBQ2H4QX7;
						SystemCapabilities = {
							com.apple.BackgroundModes = {
								enabled = 1;
							};
						};
					};
					04ACE65A1A63771C00E0BBB5 = {
						CreatedOnToolsVersion = 6.1.1;
						TestTargetID = 04ACE6411A63771C00E0BBB5;
					};
				};
			};
			buildConfigurationList = 04ACE63D1A63771C00E0BBB5 /* Build configuration list for PBXProject "CleanMGH" */;
			compatibilityVersion = "Xcode 3.2";
			developmentRegion = English;
			hasScannedForEncodings = 0;
			knownRegions = (
				en,
				Base,
			);
			mainGroup = 04ACE6391A63771C00E0BBB5;
			productRefGroup = 04ACE6431A63771C00E0BBB5 /* Products */;
			projectDirPath = "";
			projectRoot = "";
			targets = (
				04ACE6411A63771C00E0BBB5 /* CleanMGH */,
				04ACE65A1A63771C00E0BBB5 /* CleanMGHTests */,
			);
		};
/* End PBXProject section */

/* Begin PBXResourcesBuildPhase section */
		04ACE6401A63771C00E0BBB5 /* Resources */ = {
			isa = PBXResourcesBuildPhase;
			buildActionMask = 2147483647;
			files = (
				04ACE6511A63771C00E0BBB5 /* Main.storyboard in Resources */,
				04ACE6561A63771C00E0BBB5 /* LaunchScreen.xib in Resources */,
				04ACE6531A63771C00E0BBB5 /* Images.xcassets in Resources */,
			);
			runOnlyForDeploymentPostprocessing = 0;
		};
		04ACE6591A63771C00E0BBB5 /* Resources */ = {
			isa = PBXResourcesBuildPhase;
			buildActionMask = 2147483647;
			files = (
			);
			runOnlyForDeploymentPostprocessing = 0;
		};
/* End PBXResourcesBuildPhase section */

/* Begin PBXSourcesBuildPhase section */
		04ACE63E1A63771C00E0BBB5 /* Sources */ = {
			isa = PBXSourcesBuildPhase;
			buildActionMask = 2147483647;
			files = (
				04ACE64E1A63771C00E0BBB5 /* ViewController.m in Sources */,
				04ACE64B1A63771C00E0BBB5 /* AppDelegate.m in Sources */,
				04ACE6481A63771C00E0BBB5 /* main.m in Sources */,
			);
			runOnlyForDeploymentPostprocessing = 0;
		};
		04ACE6571A63771C00E0BBB5 /* Sources */ = {
			isa = PBXSourcesBuildPhase;
			buildActionMask = 2147483647;
			files = (
				04ACE6621A63771C00E0BBB5 /* CleanMGHTests.m in Sources */,
			);
			runOnlyForDeploymentPostprocessing = 0;
		};
/* End PBXSourcesBuildPhase section */

/* Begin PBXTargetDependency section */
		04ACE65D1A63771C00E0BBB5 /* PBXTargetDependency */ = {
			isa = PBXTargetDependency;
			target = 04ACE6411A63771C00E0BBB5 /* CleanMGH */;
			targetProxy = 04ACE65C1A63771C00E0BBB5 /* PBXContainerItemProxy */;
		};
/* End PBXTargetDependency section */

/* Begin PBXVariantGroup section */
		04ACE64F1A63771C00E0BBB5 /* Main.storyboard */ = {
			isa = PBXVariantGroup;
			children = (
				04ACE6501A63771C00E0BBB5 /* Base */,
			);
			name = Main.storyboard;
			sourceTree = "<group>";
		};
		04ACE6541A63771C00E0BBB5 /* LaunchScreen.xib */ = {
			isa = PBXVariantGroup;
			children = (
				04ACE6551A63771C00E0BBB5 /* Base */,
			);
			name = LaunchScreen.xib;
			sourceTree = "<group>";
		};
/* End PBXVariantGroup section */

/* Begin XCBuildConfiguration section */
		04ACE6631A63771C00E0BBB5 /* Debug */ = {
			isa = XCBuildConfiguration;
			buildSettings = {
				ALWAYS_SEARCH_USER_PATHS = NO;
				CLANG_CXX_LANGUAGE_STANDARD = "gnu++0x";
				CLANG_CXX_LIBRARY = "libc++";
				CLANG_ENABLE_MODULES = YES;
				CLANG_ENABLE_OBJC_ARC = YES;
				CLANG_WARN_BOOL_CONVERSION = YES;
				CLANG_WARN_CONSTANT_CONVERSION = YES;
				CLANG_WARN_DIRECT_OBJC_ISA_USAGE = YES_ERROR;
				CLANG_WARN_EMPTY_BODY = YES;
				CLANG_WARN_ENUM_CONVERSION = YES;
				CLANG_WARN_INT_CONVERSION = YES;
				CLANG_WARN_OBJC_ROOT_CLASS = YES_ERROR;
				CLANG_WARN_UNREACHABLE_CODE = YES;
				CLANG_WARN__DUPLICATE_METHOD_MATCH = YES;
				"CODE_SIGN_IDENTITY[sdk=iphoneos*]" = "iPhone Developer";
				COPY_PHASE_STRIP = NO;
				ENABLE_STRICT_OBJC_MSGSEND = YES;
				GCC_C_LANGUAGE_STANDARD = gnu99;
				GCC_DYNAMIC_NO_PIC = NO;
				GCC_OPTIMIZATION_LEVEL = 0;
				GCC_PREPROCESSOR_DEFINITIONS = (
					"DEBUG=1",
					"$(inherited)",
				);
				GCC_SYMBOLS_PRIVATE_EXTERN = NO;
				GCC_WARN_64_TO_32_BIT_CONVERSION = YES;
				GCC_WARN_ABOUT_RETURN_TYPE = YES_ERROR;
				GCC_WARN_UNDECLARED_SELECTOR = YES;
				GCC_WARN_UNINITIALIZED_AUTOS = YES_AGGRESSIVE;
				GCC_WARN_UNUSED_FUNCTION = YES;
				GCC_WARN_UNUSED_VARIABLE = YES;
				IPHONEOS_DEPLOYMENT_TARGET = 8.1;
				MTL_ENABLE_DEBUG_INFO = YES;
				ONLY_ACTIVE_ARCH = YES;
				SDKROOT = iphoneos;
			};
			name = Debug;
		};
		04ACE6641A63771C00E0BBB5 /* Release */ = {
			isa = XCBuildConfiguration;
			buildSettings = {
				ALWAYS_SEARCH_USER_PATHS = NO;
				CLANG_CXX_LANGUAGE_STANDARD = "gnu++0x";
				CLANG_CXX_LIBRARY = "libc++";
				CLANG_ENABLE_MODULES = YES;
				CLANG_ENABLE_OBJC_ARC = YES;
				CLANG_WARN_BOOL_CONVERSION = YES;
				CLANG_WARN_CONSTANT_CONVERSION = YES;
				CLANG_WARN_DIRECT_OBJC_ISA_USAGE = YES_ERROR;
				CLANG_WARN_EMPTY_BODY = YES;
				CLANG_WARN_ENUM_CONVERSION = YES;
				CLANG_WARN_INT_CONVERSION = YES;
				CLANG_WARN_OBJC_ROOT_CLASS = YES_ERROR;
				CLANG_WARN_UNREACHABLE_CODE = YES;
				CLANG_WARN__DUPLICATE_METHOD_MATCH = YES;
				"CODE_SIGN_IDENTITY[sdk=iphoneos*]" = "iPhone Developer";
				COPY_PHASE_STRIP = YES;
				ENABLE_NS_ASSERTIONS = NO;
				ENABLE_STRICT_OBJC_MSGSEND = YES;
				GCC_C_LANGUAGE_STANDARD = gnu99;
				GCC_WARN_64_TO_32_BIT_CONVERSION = YES;
				GCC_WARN_ABOUT_RETURN_TYPE = YES_ERROR;
				GCC_WARN_UNDECLARED_SELECTOR = YES;
				GCC_WARN_UNINITIALIZED_AUTOS = YES_AGGRESSIVE;
				GCC_WARN_UNUSED_FUNCTION = YES;
				GCC_WARN_UNUSED_VARIABLE = YES;
				IPHONEOS_DEPLOYMENT_TARGET = 8.1;
				MTL_ENABLE_DEBUG_INFO = NO;
				SDKROOT = iphoneos;
				VALIDATE_PRODUCT = YES;
			};
			name = Release;
		};
		04ACE6661A63771C00E0BBB5 /* Debug */ = {
			isa = XCBuildConfiguration;
			buildSettings = {
				ASSETCATALOG_COMPILER_APPICON_NAME = AppIcon;
				CODE_SIGN_IDENTITY = "iPhone Developer";
				HEADER_SEARCH_PATHS = (
					"$(inherited)",
					/Applications/Xcode.app/Contents/Developer/Toolchains/XcodeDefault.xctoolchain/usr/include,
					"$(SRCROOT)/../EstimoteSDK/Headers",
				);
				INFOPLIST_FILE = CleanMGH/Info.plist;
				LD_RUNPATH_SEARCH_PATHS = "$(inherited) @executable_path/Frameworks";
				LIBRARY_SEARCH_PATHS = (
					"$(inherited)",
					"$(PROJECT_DIR)/EstimoteSDK",
				);
				PRODUCT_NAME = "$(TARGET_NAME)";
			};
			name = Debug;
		};
		04ACE6671A63771C00E0BBB5 /* Release */ = {
			isa = XCBuildConfiguration;
			buildSettings = {
				ASSETCATALOG_COMPILER_APPICON_NAME = AppIcon;
				CODE_SIGN_IDENTITY = "iPhone Developer";
				HEADER_SEARCH_PATHS = (
					"$(inherited)",
					/Applications/Xcode.app/Contents/Developer/Toolchains/XcodeDefault.xctoolchain/usr/include,
					"$(SRCROOT)/../EstimoteSDK/Headers",
				);
				INFOPLIST_FILE = CleanMGH/Info.plist;
				LD_RUNPATH_SEARCH_PATHS = "$(inherited) @executable_path/Frameworks";
				LIBRARY_SEARCH_PATHS = (
					"$(inherited)",
					"$(PROJECT_DIR)/EstimoteSDK",
				);
				PRODUCT_NAME = "$(TARGET_NAME)";
			};
			name = Release;
		};
		04ACE6691A63771C00E0BBB5 /* Debug */ = {
			isa = XCBuildConfiguration;
			buildSettings = {
				BUNDLE_LOADER = "$(TEST_HOST)";
				FRAMEWORK_SEARCH_PATHS = (
					"$(SDKROOT)/Developer/Library/Frameworks",
					"$(inherited)",
				);
				GCC_PREPROCESSOR_DEFINITIONS = (
					"DEBUG=1",
					"$(inherited)",
				);
				INFOPLIST_FILE = CleanMGHTests/Info.plist;
				LD_RUNPATH_SEARCH_PATHS = "$(inherited) @executable_path/Frameworks @loader_path/Frameworks";
				PRODUCT_NAME = "$(TARGET_NAME)";
				TEST_HOST = "$(BUILT_PRODUCTS_DIR)/CleanMGH.app/CleanMGH";
			};
			name = Debug;
		};
		04ACE66A1A63771C00E0BBB5 /* Release */ = {
			isa = XCBuildConfiguration;
			buildSettings = {
				BUNDLE_LOADER = "$(TEST_HOST)";
				FRAMEWORK_SEARCH_PATHS = (
					"$(SDKROOT)/Developer/Library/Frameworks",
					"$(inherited)",
				);
				INFOPLIST_FILE = CleanMGHTests/Info.plist;
				LD_RUNPATH_SEARCH_PATHS = "$(inherited) @executable_path/Frameworks @loader_path/Frameworks";
				PRODUCT_NAME = "$(TARGET_NAME)";
				TEST_HOST = "$(BUILT_PRODUCTS_DIR)/CleanMGH.app/CleanMGH";
			};
			name = Release;
		};
/* End XCBuildConfiguration section */

/* Begin XCConfigurationList section */
		04ACE63D1A63771C00E0BBB5 /* Build configuration list for PBXProject "CleanMGH" */ = {
			isa = XCConfigurationList;
			buildConfigurations = (
				04ACE6631A63771C00E0BBB5 /* Debug */,
				04ACE6641A63771C00E0BBB5 /* Release */,
			);
			defaultConfigurationIsVisible = 0;
			defaultConfigurationName = Release;
		};
		04ACE6651A63771C00E0BBB5 /* Build configuration list for PBXNativeTarget "CleanMGH" */ = {
			isa = XCConfigurationList;
			buildConfigurations = (
				04ACE6661A63771C00E0BBB5 /* Debug */,
				04ACE6671A63771C00E0BBB5 /* Release */,
			);
			defaultConfigurationIsVisible = 0;
		};
		04ACE6681A63771C00E0BBB5 /* Build configuration list for PBXNativeTarget "CleanMGHTests" */ = {
			isa = XCConfigurationList;
			buildConfigurations = (
				04ACE6691A63771C00E0BBB5 /* Debug */,
				04ACE66A1A63771C00E0BBB5 /* Release */,
			);
			defaultConfigurationIsVisible = 0;
		};
/* End XCConfigurationList section */
	};
	rootObject = 04ACE63A1A63771C00E0BBB5 /* Project object */;
}
